// !$*UTF8*$!
{
	archiveVersion = 1;
	classes = {
	};
	objectVersion = 46;
	objects = {

/* Begin PBXBuildFile section */
		A585123F1E12635700A2BEE8 /* AppDelegate.swift in Sources */ = {isa = PBXBuildFile; fileRef = A585123E1E12635700A2BEE8 /* AppDelegate.swift */; };
		A58512411E12635700A2BEE8 /* ViewController.swift in Sources */ = {isa = PBXBuildFile; fileRef = A58512401E12635700A2BEE8 /* ViewController.swift */; };
		A58512441E12635700A2BEE8 /* Main.storyboard in Resources */ = {isa = PBXBuildFile; fileRef = A58512421E12635700A2BEE8 /* Main.storyboard */; };
		A58512461E12635700A2BEE8 /* Assets.xcassets in Resources */ = {isa = PBXBuildFile; fileRef = A58512451E12635700A2BEE8 /* Assets.xcassets */; };
		A58512491E12635700A2BEE8 /* LaunchScreen.storyboard in Resources */ = {isa = PBXBuildFile; fileRef = A58512471E12635700A2BEE8 /* LaunchScreen.storyboard */; };
		A5FC94AF1E144341004E1F02 /* Strava.framework in Frameworks */ = {isa = PBXBuildFile; fileRef = A5FC94AE1E144341004E1F02 /* Strava.framework */; };
		A5FC94B11E14436D004E1F02 /* Strava.framework in Embed Frameworks */ = {isa = PBXBuildFile; fileRef = A5FC94AE1E144341004E1F02 /* Strava.framework */; settings = {ATTRIBUTES = (CodeSignOnCopy, RemoveHeadersOnCopy, ); }; };
/* End PBXBuildFile section */

/* Begin PBXCopyFilesBuildPhase section */
		A5FC94B21E14436D004E1F02 /* Embed Frameworks */ = {
			isa = PBXCopyFilesBuildPhase;
			buildActionMask = 2147483647;
			dstPath = "";
			dstSubfolderSpec = 10;
			files = (
				A5FC94B11E14436D004E1F02 /* Strava.framework in Embed Frameworks */,
			);
			name = "Embed Frameworks";
			runOnlyForDeploymentPostprocessing = 0;
		};
/* End PBXCopyFilesBuildPhase section */

/* Begin PBXFileReference section */
		A585123B1E12635700A2BEE8 /* StravaExampleApp.app */ = {isa = PBXFileReference; explicitFileType = wrapper.application; includeInIndex = 0; path = StravaExampleApp.app; sourceTree = BUILT_PRODUCTS_DIR; };
		A585123E1E12635700A2BEE8 /* AppDelegate.swift */ = {isa = PBXFileReference; lastKnownFileType = sourcecode.swift; path = AppDelegate.swift; sourceTree = "<group>"; };
		A58512401E12635700A2BEE8 /* ViewController.swift */ = {isa = PBXFileReference; lastKnownFileType = sourcecode.swift; path = ViewController.swift; sourceTree = "<group>"; };
		A58512431E12635700A2BEE8 /* Base */ = {isa = PBXFileReference; lastKnownFileType = file.storyboard; name = Base; path = Base.lproj/Main.storyboard; sourceTree = "<group>"; };
		A58512451E12635700A2BEE8 /* Assets.xcassets */ = {isa = PBXFileReference; lastKnownFileType = folder.assetcatalog; path = Assets.xcassets; sourceTree = "<group>"; };
		A58512481E12635700A2BEE8 /* Base */ = {isa = PBXFileReference; lastKnownFileType = file.storyboard; name = Base; path = Base.lproj/LaunchScreen.storyboard; sourceTree = "<group>"; };
		A585124A1E12635700A2BEE8 /* Info.plist */ = {isa = PBXFileReference; lastKnownFileType = text.plist.xml; path = Info.plist; sourceTree = "<group>"; };
		A5FC94AE1E144341004E1F02 /* Strava.framework */ = {isa = PBXFileReference; lastKnownFileType = wrapper.framework; path = Strava.framework; sourceTree = "<group>"; };
/* End PBXFileReference section */

/* Begin PBXFrameworksBuildPhase section */
		A58512381E12635700A2BEE8 /* Frameworks */ = {
			isa = PBXFrameworksBuildPhase;
			buildActionMask = 2147483647;
			files = (
				A5FC94AF1E144341004E1F02 /* Strava.framework in Frameworks */,
			);
			runOnlyForDeploymentPostprocessing = 0;
		};
/* End PBXFrameworksBuildPhase section */

/* Begin PBXGroup section */
		A58512321E12635700A2BEE8 = {
			isa = PBXGroup;
			children = (
				A585123D1E12635700A2BEE8 /* StravaExampleApp */,
				A585123C1E12635700A2BEE8 /* Products */,
				A5FC94AD1E144341004E1F02 /* Frameworks */,
			);
			sourceTree = "<group>";
		};
		A585123C1E12635700A2BEE8 /* Products */ = {
			isa = PBXGroup;
			children = (
				A585123B1E12635700A2BEE8 /* StravaExampleApp.app */,
			);
			name = Products;
			sourceTree = "<group>";
		};
		A585123D1E12635700A2BEE8 /* StravaExampleApp */ = {
			isa = PBXGroup;
			children = (
				A585123E1E12635700A2BEE8 /* AppDelegate.swift */,
				A58512401E12635700A2BEE8 /* ViewController.swift */,
				A58512421E12635700A2BEE8 /* Main.storyboard */,
				A58512451E12635700A2BEE8 /* Assets.xcassets */,
				A58512471E12635700A2BEE8 /* LaunchScreen.storyboard */,
				A585124A1E12635700A2BEE8 /* Info.plist */,
			);
			path = StravaExampleApp;
			sourceTree = "<group>";
		};
		A5FC94AD1E144341004E1F02 /* Frameworks */ = {
			isa = PBXGroup;
			children = (
				A5FC94AE1E144341004E1F02 /* Strava.framework */,
			);
			name = Frameworks;
			path = StravaExampleApp/Frameworks;
			sourceTree = "<group>";
		};
/* End PBXGroup section */

/* Begin PBXNativeTarget section */
		A585123A1E12635700A2BEE8 /* StravaExampleApp */ = {
			isa = PBXNativeTarget;
			buildConfigurationList = A585124D1E12635700A2BEE8 /* Build configuration list for PBXNativeTarget "StravaExampleApp" */;
			buildPhases = (
				A58512371E12635700A2BEE8 /* Sources */,
				A58512381E12635700A2BEE8 /* Frameworks */,
				A58512391E12635700A2BEE8 /* Resources */,
				A5FC94B21E14436D004E1F02 /* Embed Frameworks */,
			);
			buildRules = (
			);
			dependencies = (
			);
			name = StravaExampleApp;
			productName = StravaExampleApp;
			productReference = A585123B1E12635700A2BEE8 /* StravaExampleApp.app */;
			productType = "com.apple.product-type.application";
		};
/* End PBXNativeTarget section */

/* Begin PBXProject section */
		A58512331E12635700A2BEE8 /* Project object */ = {
			isa = PBXProject;
			attributes = {
				LastSwiftUpdateCheck = 0820;
				LastUpgradeCheck = 0820;
				ORGANIZATIONNAME = "Oleksandr Glagoliev";
				TargetAttributes = {
					A585123A1E12635700A2BEE8 = {
						CreatedOnToolsVersion = 8.2.1;
						DevelopmentTeam = P44F5PA4BT;
						ProvisioningStyle = Automatic;
					};
				};
			};
			buildConfigurationList = A58512361E12635700A2BEE8 /* Build configuration list for PBXProject "StravaExampleApp" */;
			compatibilityVersion = "Xcode 3.2";
			developmentRegion = English;
			hasScannedForEncodings = 0;
			knownRegions = (
				en,
				Base,
			);
			mainGroup = A58512321E12635700A2BEE8;
			productRefGroup = A585123C1E12635700A2BEE8 /* Products */;
			projectDirPath = "";
			projectRoot = "";
			targets = (
				A585123A1E12635700A2BEE8 /* StravaExampleApp */,
			);
		};
/* End PBXProject section */

/* Begin PBXResourcesBuildPhase section */
		A58512391E12635700A2BEE8 /* Resources */ = {
			isa = PBXResourcesBuildPhase;
			buildActionMask = 2147483647;
			files = (
				A58512491E12635700A2BEE8 /* LaunchScreen.storyboard in Resources */,
				A58512461E12635700A2BEE8 /* Assets.xcassets in Resources */,
				A58512441E12635700A2BEE8 /* Main.storyboard in Resources */,
			);
			runOnlyForDeploymentPostprocessing = 0;
		};
/* End PBXResourcesBuildPhase section */

/* Begin PBXSourcesBuildPhase section */
		A58512371E12635700A2BEE8 /* Sources */ = {
			isa = PBXSourcesBuildPhase;
			buildActionMask = 2147483647;
			files = (
				A58512411E12635700A2BEE8 /* ViewController.swift in Sources */,
				A585123F1E12635700A2BEE8 /* AppDelegate.swift in Sources */,
			);
			runOnlyForDeploymentPostprocessing = 0;
		};
/* End PBXSourcesBuildPhase section */

/* Begin PBXVariantGroup section */
		A58512421E12635700A2BEE8 /* Main.storyboard */ = {
			isa = PBXVariantGroup;
			children = (
				A58512431E12635700A2BEE8 /* Base */,
			);
			name = Main.storyboard;
			sourceTree = "<group>";
		};
		A58512471E12635700A2BEE8 /* LaunchScreen.storyboard */ = {
			isa = PBXVariantGroup;
			children = (
				A58512481E12635700A2BEE8 /* Base */,
			);
			name = LaunchScreen.storyboard;
			sourceTree = "<group>";
		};
/* End PBXVariantGroup section */

/* Begin XCBuildConfiguration section */
		A585124B1E12635700A2BEE8 /* Debug */ = {
			isa = XCBuildConfiguration;
			buildSettings = {
				ALWAYS_SEARCH_USER_PATHS = NO;
				CLANG_ANALYZER_NONNULL = YES;
				CLANG_CXX_LANGUAGE_STANDARD = "gnu++0x";
				CLANG_CXX_LIBRARY = "libc++";
				CLANG_ENABLE_MODULES = YES;
				CLANG_ENABLE_OBJC_ARC = YES;
				CLANG_WARN_BOOL_CONVERSION = YES;
				CLANG_WARN_CONSTANT_CONVERSION = YES;
				CLANG_WARN_DIRECT_OBJC_ISA_USAGE = YES_ERROR;
				CLANG_WARN_DOCUMENTATION_COMMENTS = YES;
				CLANG_WARN_EMPTY_BODY = YES;
				CLANG_WARN_ENUM_CONVERSION = YES;
				CLANG_WARN_INFINITE_RECURSION = YES;
				CLANG_WARN_INT_CONVERSION = YES;
				CLANG_WARN_OBJC_ROOT_CLASS = YES_ERROR;
				CLANG_WARN_SUSPICIOUS_MOVE = YES;
				CLANG_WARN_UNREACHABLE_CODE = YES;
				CLANG_WARN__DUPLICATE_METHOD_MATCH = YES;
				"CODE_SIGN_IDENTITY[sdk=iphoneos*]" = "iPhone Developer";
				COPY_PHASE_STRIP = NO;
				DEBUG_INFORMATION_FORMAT = dwarf;
				ENABLE_STRICT_OBJC_MSGSEND = YES;
				ENABLE_TESTABILITY = YES;
				GCC_C_LANGUAGE_STANDARD = gnu99;
				GCC_DYNAMIC_NO_PIC = NO;
				GCC_NO_COMMON_BLOCKS = YES;
				GCC_OPTIMIZATION_LEVEL = 0;
				GCC_PREPROCESSOR_DEFINITIONS = (
					"DEBUG=1",
					"$(inherited)",
				);
				GCC_WARN_64_TO_32_BIT_CONVERSION = YES;
				GCC_WARN_ABOUT_RETURN_TYPE = YES_ERROR;
				GCC_WARN_UNDECLARED_SELECTOR = YES;
				GCC_WARN_UNINITIALIZED_AUTOS = YES_AGGRESSIVE;
				GCC_WARN_UNUSED_FUNCTION = YES;
				GCC_WARN_UNUSED_VARIABLE = YES;
				IPHONEOS_DEPLOYMENT_TARGET = 10.2;
				MTL_ENABLE_DEBUG_INFO = YES;
				ONLY_ACTIVE_ARCH = YES;
				SDKROOT = iphoneos;
				SWIFT_ACTIVE_COMPILATION_CONDITIONS = DEBUG;
				SWIFT_OPTIMIZATION_LEVEL = "-Onone";
			};
			name = Debug;
		};
		A585124C1E12635700A2BEE8 /* Release */ = {
			isa = XCBuildConfiguration;
			buildSettings = {
				ALWAYS_SEARCH_USER_PATHS = NO;
				CLANG_ANALYZER_NONNULL = YES;
				CLANG_CXX_LANGUAGE_STANDARD = "gnu++0x";
				CLANG_CXX_LIBRARY = "libc++";
				CLANG_ENABLE_MODULES = YES;
				CLANG_ENABLE_OBJC_ARC = YES;
				CLANG_WARN_BOOL_CONVERSION = YES;
				CLANG_WARN_CONSTANT_CONVERSION = YES;
				CLANG_WARN_DIRECT_OBJC_ISA_USAGE = YES_ERROR;
				CLANG_WARN_DOCUMENTATION_COMMENTS = YES;
				CLANG_WARN_EMPTY_BODY = YES;
				CLANG_WARN_ENUM_CONVERSION = YES;
				CLANG_WARN_INFINITE_RECURSION = YES;
				CLANG_WARN_INT_CONVERSION = YES;
				CLANG_WARN_OBJC_ROOT_CLASS = YES_ERROR;
				CLANG_WARN_SUSPICIOUS_MOVE = YES;
				CLANG_WARN_UNREACHABLE_CODE = YES;
				CLANG_WARN__DUPLICATE_METHOD_MATCH = YES;
				"CODE_SIGN_IDENTITY[sdk=iphoneos*]" = "iPhone Developer";
				COPY_PHASE_STRIP = NO;
				DEBUG_INFORMATION_FORMAT = "dwarf-with-dsym";
				ENABLE_NS_ASSERTIONS = NO;
				ENABLE_STRICT_OBJC_MSGSEND = YES;
				GCC_C_LANGUAGE_STANDARD = gnu99;
				GCC_NO_COMMON_BLOCKS = YES;
				GCC_WARN_64_TO_32_BIT_CONVERSION = YES;
				GCC_WARN_ABOUT_RETURN_TYPE = YES_ERROR;
				GCC_WARN_UNDECLARED_SELECTOR = YES;
				GCC_WARN_UNINITIALIZED_AUTOS = YES_AGGRESSIVE;
				GCC_WARN_UNUSED_FUNCTION = YES;
				GCC_WARN_UNUSED_VARIABLE = YES;
				IPHONEOS_DEPLOYMENT_TARGET = 10.2;
				MTL_ENABLE_DEBUG_INFO = NO;
				SDKROOT = iphoneos;
				SWIFT_OPTIMIZATION_LEVEL = "-Owholemodule";
				VALIDATE_PRODUCT = YES;
			};
			name = Release;
		};
		A585124E1E12635700A2BEE8 /* Debug */ = {
			isa = XCBuildConfiguration;
			buildSettings = {
				ASSETCATALOG_COMPILER_APPICON_NAME = AppIcon;
				DEVELOPMENT_TEAM = P44F5PA4BT;
				FRAMEWORK_SEARCH_PATHS = (
					"$(inherited)",
					"$(PROJECT_DIR)/StravaExampleApp/Frameworks",
				);
				INFOPLIST_FILE = StravaExampleApp/Info.plist;
				LD_RUNPATH_SEARCH_PATHS = "$(inherited) @executable_path/Frameworks";
				PRODUCT_BUNDLE_IDENTIFIER = io.limlab.StravaExampleApp;
				PRODUCT_NAME = "$(TARGET_NAME)";
				SWIFT_VERSION = 3.0;
			};
			name = Debug;
		};
		A585124F1E12635700A2BEE8 /* Release */ = {
			isa = XCBuildConfiguration;
			buildSettings = {
				ASSETCATALOG_COMPILER_APPICON_NAME = AppIcon;
				DEVELOPMENT_TEAM = P44F5PA4BT;
				FRAMEWORK_SEARCH_PATHS = (
					"$(inherited)",
					"$(PROJECT_DIR)/StravaExampleApp/Frameworks",
				);
				INFOPLIST_FILE = StravaExampleApp/Info.plist;
				LD_RUNPATH_SEARCH_PATHS = "$(inherited) @executable_path/Frameworks";
				PRODUCT_BUNDLE_IDENTIFIER = io.limlab.StravaExampleApp;
				PRODUCT_NAME = "$(TARGET_NAME)";
				SWIFT_VERSION = 3.0;
			};
			name = Release;
		};
/* End XCBuildConfiguration section */

/* Begin XCConfigurationList section */
		A58512361E12635700A2BEE8 /* Build configuration list for PBXProject "StravaExampleApp" */ = {
			isa = XCConfigurationList;
			buildConfigurations = (
				A585124B1E12635700A2BEE8 /* Debug */,
				A585124C1E12635700A2BEE8 /* Release */,
			);
			defaultConfigurationIsVisible = 0;
			defaultConfigurationName = Release;
		};
		A585124D1E12635700A2BEE8 /* Build configuration list for PBXNativeTarget "StravaExampleApp" */ = {
			isa = XCConfigurationList;
			buildConfigurations = (
				A585124E1E12635700A2BEE8 /* Debug */,
				A585124F1E12635700A2BEE8 /* Release */,
			);
			defaultConfigurationIsVisible = 0;
			defaultConfigurationName = Release;
		};
/* End XCConfigurationList section */
	};
	rootObject = A58512331E12635700A2BEE8 /* Project object */;
}
